
Microsoft Visual Studio Solution File, Format Version 12.00
# Visual Studio Version 17
VisualStudioVersion = 17.7.34018.315
MinimumVisualStudioVersion = 10.0.40219.1
Project("{FAE04EC0-301F-11D3-BF4B-00C04F79EFBC}") = "Achivment_API", "Achivment_API.csproj", "{760CD935-FD3A-4A53-8296-42A83CB0A03B}"
EndProject
Global
	GlobalSection(SolutionConfigurationPlatforms) = preSolution
		Debug|Any CPU = Debug|Any CPU
		Release|Any CPU = Release|Any CPU
	EndGlobalSection
	GlobalSection(ProjectConfigurationPlatforms) = postSolution
		{760CD935-FD3A-4A53-8296-42A83CB0A03B}.Debug|Any CPU.ActiveCfg = Debug|Any CPU
		{760CD935-FD3A-4A53-8296-42A83CB0A03B}.Debug|Any CPU.Build.0 = Debug|Any CPU
		{760CD935-FD3A-4A53-8296-42A83CB0A03B}.Release|Any CPU.ActiveCfg = Release|Any CPU
		{760CD935-FD3A-4A53-8296-42A83CB0A03B}.Release|Any CPU.Build.0 = Release|Any CPU
	EndGlobalSection
	GlobalSection(SolutionProperties) = preSolution
		HideSolutionNode = FALSE
	EndGlobalSection
	GlobalSection(ExtensibilityGlobals) = postSolution
		SolutionGuid = {887DACC9-EC5E-445F-AD72-EB596ECF350D}
	EndGlobalSection
EndGlobal
